// !$*UTF8*$!
{
	archiveVersion = 1;
	classes = {
	};
	objectVersion = 56;
	objects = {

/* Begin PBXBuildFile section */
		C81F00032AAC9DE30032F371 /* MainScene.swift in Sources */ = {isa = PBXBuildFile; fileRef = C81F00022AAC9DE30032F371 /* MainScene.swift */; };
		C81F00052AAC9EEF0032F371 /* MenuListView.swift in Sources */ = {isa = PBXBuildFile; fileRef = C81F00042AAC9EEF0032F371 /* MenuListView.swift */; };
		C81F000A2AACA5D10032F371 /* NavigationButtonView.swift in Sources */ = {isa = PBXBuildFile; fileRef = C81F00092AACA5D10032F371 /* NavigationButtonView.swift */; };
		C81F00132AAD1BA30032F371 /* StringExtension.swift in Sources */ = {isa = PBXBuildFile; fileRef = C81F00122AAD1BA30032F371 /* StringExtension.swift */; };
		C81F00152AAD1D5F0032F371 /* MenuListViewState.swift in Sources */ = {isa = PBXBuildFile; fileRef = C81F00142AAD1D5F0032F371 /* MenuListViewState.swift */; };
		C81F00172AAD200A0032F371 /* MoveScene.swift in Sources */ = {isa = PBXBuildFile; fileRef = C81F00162AAD200A0032F371 /* MoveScene.swift */; };
		C81F00192AAD22100032F371 /* MenuRowView.swift in Sources */ = {isa = PBXBuildFile; fileRef = C81F00182AAD22100032F371 /* MenuRowView.swift */; };
		C81F001B2AAD2A970032F371 /* TypeScene.swift in Sources */ = {isa = PBXBuildFile; fileRef = C81F001A2AAD2A970032F371 /* TypeScene.swift */; };
		C81F001F2AADA8400032F371 /* MenuRow.swift in Sources */ = {isa = PBXBuildFile; fileRef = C81F001E2AADA8400032F371 /* MenuRow.swift */; };
		C81F00212AADC2850032F371 /* TypeService.swift in Sources */ = {isa = PBXBuildFile; fileRef = C81F00202AADC2850032F371 /* TypeService.swift */; };
		C81F00232AADC2960032F371 /* GenerationService.swift in Sources */ = {isa = PBXBuildFile; fileRef = C81F00222AADC2960032F371 /* GenerationService.swift */; };
		C81F00252AADC3CE0032F371 /* PokemonType.swift in Sources */ = {isa = PBXBuildFile; fileRef = C81F00242AADC3CE0032F371 /* PokemonType.swift */; };
		C81F00272AADC52D0032F371 /* PokemonSlot.swift in Sources */ = {isa = PBXBuildFile; fileRef = C81F00262AADC52D0032F371 /* PokemonSlot.swift */; };
		C81F00292AADC5DF0032F371 /* Generation.swift in Sources */ = {isa = PBXBuildFile; fileRef = C81F00282AADC5DF0032F371 /* Generation.swift */; };
		C81F002B2AADD00F0032F371 /* PokemonTypeObservableObject.swift in Sources */ = {isa = PBXBuildFile; fileRef = C81F002A2AADD00F0032F371 /* PokemonTypeObservableObject.swift */; };
		C81F002D2AADD0390032F371 /* GenerationObservableObject.swift in Sources */ = {isa = PBXBuildFile; fileRef = C81F002C2AADD0390032F371 /* GenerationObservableObject.swift */; };
		C81F00302AADF2300032F371 /* FilterScene.swift in Sources */ = {isa = PBXBuildFile; fileRef = C81F002F2AADF2300032F371 /* FilterScene.swift */; };
		C81F00322AADF3910032F371 /* FilterSceneState.swift in Sources */ = {isa = PBXBuildFile; fileRef = C81F00312AADF3910032F371 /* FilterSceneState.swift */; };
		C81F00342AAEFE630032F371 /* MoveSlot.swift in Sources */ = {isa = PBXBuildFile; fileRef = C81F00332AAEFE630032F371 /* MoveSlot.swift */; };
		C81F00362AAEFE840032F371 /* AbilitySlot.swift in Sources */ = {isa = PBXBuildFile; fileRef = C81F00352AAEFE840032F371 /* AbilitySlot.swift */; };
		C81F00382AAF00810032F371 /* Ability.swift in Sources */ = {isa = PBXBuildFile; fileRef = C81F00372AAF00810032F371 /* Ability.swift */; };
		C81F003A2AAF040F0032F371 /* EffectEntry.swift in Sources */ = {isa = PBXBuildFile; fileRef = C81F00392AAF040F0032F371 /* EffectEntry.swift */; };
		C81F003E2AAF063C0032F371 /* EffectChange.swift in Sources */ = {isa = PBXBuildFile; fileRef = C81F003D2AAF063C0032F371 /* EffectChange.swift */; };
		C81F00402AAF1CD90032F371 /* TypeDamageRelations.swift in Sources */ = {isa = PBXBuildFile; fileRef = C81F003F2AAF1CD90032F371 /* TypeDamageRelations.swift */; };
		C81F00422AAF1F420032F371 /* Move.swift in Sources */ = {isa = PBXBuildFile; fileRef = C81F00412AAF1F420032F371 /* Move.swift */; };
		C81F00442AAF24810032F371 /* Location.swift in Sources */ = {isa = PBXBuildFile; fileRef = C81F00432AAF24810032F371 /* Location.swift */; };
		C81F00462AAF25560032F371 /* Item.swift in Sources */ = {isa = PBXBuildFile; fileRef = C81F00452AAF25560032F371 /* Item.swift */; };
		C81F00482AAF2A570032F371 /* File.swift in Sources */ = {isa = PBXBuildFile; fileRef = C81F00472AAF2A570032F371 /* File.swift */; };
		C838BB022A768C820042FFCE /* PokepediaApp.swift in Sources */ = {isa = PBXBuildFile; fileRef = C838BB012A768C820042FFCE /* PokepediaApp.swift */; };
		C838BB042A768C820042FFCE /* ContentView.swift in Sources */ = {isa = PBXBuildFile; fileRef = C838BB032A768C820042FFCE /* ContentView.swift */; };
		C838BB062A768C830042FFCE /* Assets.xcassets in Resources */ = {isa = PBXBuildFile; fileRef = C838BB052A768C830042FFCE /* Assets.xcassets */; };
		C838BB092A768C830042FFCE /* Preview Assets.xcassets in Resources */ = {isa = PBXBuildFile; fileRef = C838BB082A768C830042FFCE /* Preview Assets.xcassets */; };
		C838BB132A768C830042FFCE /* PokepediaTests.swift in Sources */ = {isa = PBXBuildFile; fileRef = C838BB122A768C830042FFCE /* PokepediaTests.swift */; };
		C838BB1D2A768C830042FFCE /* PokepediaUITests.swift in Sources */ = {isa = PBXBuildFile; fileRef = C838BB1C2A768C830042FFCE /* PokepediaUITests.swift */; };
		C838BB1F2A768C830042FFCE /* PokepediaUITestsLaunchTests.swift in Sources */ = {isa = PBXBuildFile; fileRef = C838BB1E2A768C830042FFCE /* PokepediaUITestsLaunchTests.swift */; };
		C838BB9A2A76929D0042FFCE /* PokeListScene.swift in Sources */ = {isa = PBXBuildFile; fileRef = C838BB992A76929D0042FFCE /* PokeListScene.swift */; };
		C838BB9C2A7692AD0042FFCE /* PokeCardScene.swift in Sources */ = {isa = PBXBuildFile; fileRef = C838BB9B2A7692AD0042FFCE /* PokeCardScene.swift */; };
		C838BBA22A76946C0042FFCE /* PokeRowView.swift in Sources */ = {isa = PBXBuildFile; fileRef = C838BBA12A76946C0042FFCE /* PokeRowView.swift */; };
		C838BBA42A7694F80042FFCE /* Pokemon.swift in Sources */ = {isa = PBXBuildFile; fileRef = C838BBA32A7694F80042FFCE /* Pokemon.swift */; };
		C838BBA62A76959D0042FFCE /* PossibleTypes.swift in Sources */ = {isa = PBXBuildFile; fileRef = C838BBA52A76959D0042FFCE /* PossibleTypes.swift */; };
		C838BBAC2A77AB800042FFCE /* CardTitleView.swift in Sources */ = {isa = PBXBuildFile; fileRef = C838BBAB2A77AB800042FFCE /* CardTitleView.swift */; };
		C838BBAE2A77ABDC0042FFCE /* MainCardView.swift in Sources */ = {isa = PBXBuildFile; fileRef = C838BBAD2A77ABDC0042FFCE /* MainCardView.swift */; };
		C838BBB02A77AC050042FFCE /* CardInfoView.swift in Sources */ = {isa = PBXBuildFile; fileRef = C838BBAF2A77AC050042FFCE /* CardInfoView.swift */; };
		C838BBB22A77B5A20042FFCE /* ShinyButtonView.swift in Sources */ = {isa = PBXBuildFile; fileRef = C838BBB12A77B5A20042FFCE /* ShinyButtonView.swift */; };
		C838BBB42A77B8DC0042FFCE /* TypesView.swift in Sources */ = {isa = PBXBuildFile; fileRef = C838BBB32A77B8DC0042FFCE /* TypesView.swift */; };
		C838BBB62A77BE1F0042FFCE /* EvolutionButtonView.swift in Sources */ = {isa = PBXBuildFile; fileRef = C838BBB52A77BE1F0042FFCE /* EvolutionButtonView.swift */; };
		C838BBBA2A77F83B0042FFCE /* CardStatsView.swift in Sources */ = {isa = PBXBuildFile; fileRef = C838BBB92A77F83B0042FFCE /* CardStatsView.swift */; };
		C838BBD92A7A96630042FFCE /* EvolveScene.swift in Sources */ = {isa = PBXBuildFile; fileRef = C838BBD82A7A96630042FFCE /* EvolveScene.swift */; };
		C888E2942A9B9807002D0E56 /* WidgetKit.framework in Frameworks */ = {isa = PBXBuildFile; fileRef = C888E2932A9B9807002D0E56 /* WidgetKit.framework */; };
		C888E2962A9B9807002D0E56 /* SwiftUI.framework in Frameworks */ = {isa = PBXBuildFile; fileRef = C888E2952A9B9807002D0E56 /* SwiftUI.framework */; };
		C888E2992A9B9808002D0E56 /* FavoritPokemonBundle.swift in Sources */ = {isa = PBXBuildFile; fileRef = C888E2982A9B9808002D0E56 /* FavoritPokemonBundle.swift */; };
		C888E29B2A9B9808002D0E56 /* FavoritPokemonLiveActivity.swift in Sources */ = {isa = PBXBuildFile; fileRef = C888E29A2A9B9808002D0E56 /* FavoritPokemonLiveActivity.swift */; };
		C888E29D2A9B9808002D0E56 /* FavoritPokemon.swift in Sources */ = {isa = PBXBuildFile; fileRef = C888E29C2A9B9808002D0E56 /* FavoritPokemon.swift */; };
		C888E2A02A9B9809002D0E56 /* Assets.xcassets in Resources */ = {isa = PBXBuildFile; fileRef = C888E29F2A9B9809002D0E56 /* Assets.xcassets */; };
		C888E2A22A9B9809002D0E56 /* FavoritPokemon.intentdefinition in Sources */ = {isa = PBXBuildFile; fileRef = C888E29E2A9B9808002D0E56 /* FavoritPokemon.intentdefinition */; };
		C888E2A32A9B9809002D0E56 /* FavoritPokemon.intentdefinition in Sources */ = {isa = PBXBuildFile; fileRef = C888E29E2A9B9808002D0E56 /* FavoritPokemon.intentdefinition */; };
		C888E2A62A9B9809002D0E56 /* FavoritPokemonExtension.appex in Embed Foundation Extensions */ = {isa = PBXBuildFile; fileRef = C888E2912A9B9807002D0E56 /* FavoritPokemonExtension.appex */; settings = {ATTRIBUTES = (RemoveHeadersOnCopy, ); }; };
		C888E2AF2A9CAC99002D0E56 /* ShinyWidgetButtonView.swift in Sources */ = {isa = PBXBuildFile; fileRef = C888E2AE2A9CAC99002D0E56 /* ShinyWidgetButtonView.swift */; };
		C8E197962A9535E200FA3137 /* PokeImageView.swift in Sources */ = {isa = PBXBuildFile; fileRef = C8E197952A9535E200FA3137 /* PokeImageView.swift */; };
		C8E1979A2A9537F300FA3137 /* MenuListService.swift in Sources */ = {isa = PBXBuildFile; fileRef = C8E197992A9537F300FA3137 /* MenuListService.swift */; };
		C8E1979C2A9538F000FA3137 /* ListData.swift in Sources */ = {isa = PBXBuildFile; fileRef = C8E1979B2A9538F000FA3137 /* ListData.swift */; };
		C8E1979F2A953D0400FA3137 /* RowData.swift in Sources */ = {isa = PBXBuildFile; fileRef = C8E1979E2A953D0400FA3137 /* RowData.swift */; };
		C8E197A12A953F1700FA3137 /* Services.swift in Sources */ = {isa = PBXBuildFile; fileRef = C8E197A02A953F1700FA3137 /* Services.swift */; };
		C8E197A32A9541E600FA3137 /* Environment.swift in Sources */ = {isa = PBXBuildFile; fileRef = C8E197A22A9541E600FA3137 /* Environment.swift */; };
		C8E197A52A9541F900FA3137 /* ObservableObjects.swift in Sources */ = {isa = PBXBuildFile; fileRef = C8E197A42A9541F900FA3137 /* ObservableObjects.swift */; };
		C8E197A82A95421400FA3137 /* Coordinator.swift in Sources */ = {isa = PBXBuildFile; fileRef = C8E197A72A95421400FA3137 /* Coordinator.swift */; };
		C8E197AA2A95455F00FA3137 /* MenuListObservableObject.swift in Sources */ = {isa = PBXBuildFile; fileRef = C8E197A92A95455F00FA3137 /* MenuListObservableObject.swift */; };
		C8E197AC2A954C8C00FA3137 /* PokeListSceneState.swift in Sources */ = {isa = PBXBuildFile; fileRef = C8E197AB2A954C8C00FA3137 /* PokeListSceneState.swift */; };
		C8E197AE2A9550B000FA3137 /* TypesViewState.swift in Sources */ = {isa = PBXBuildFile; fileRef = C8E197AD2A9550B000FA3137 /* TypesViewState.swift */; };
		C8E197B02A95512800FA3137 /* PokeRowViewState.swift in Sources */ = {isa = PBXBuildFile; fileRef = C8E197AF2A95512800FA3137 /* PokeRowViewState.swift */; };
		C8E197B22A95521000FA3137 /* PokemonService.swift in Sources */ = {isa = PBXBuildFile; fileRef = C8E197B12A95521000FA3137 /* PokemonService.swift */; };
		C8E197B42A95570E00FA3137 /* PokemonObservableObject.swift in Sources */ = {isa = PBXBuildFile; fileRef = C8E197B32A95570E00FA3137 /* PokemonObservableObject.swift */; };
		C8E197B72A9562C200FA3137 /* EvolveSceneState.swift in Sources */ = {isa = PBXBuildFile; fileRef = C8E197B62A9562C200FA3137 /* EvolveSceneState.swift */; };
		C8E197B92A95631800FA3137 /* PokeCardSceneState.swift in Sources */ = {isa = PBXBuildFile; fileRef = C8E197B82A95631800FA3137 /* PokeCardSceneState.swift */; };
		C8E197BB2A95696700FA3137 /* CardTitleViewState.swift in Sources */ = {isa = PBXBuildFile; fileRef = C8E197BA2A95696700FA3137 /* CardTitleViewState.swift */; };
		C8E197BD2A9569EA00FA3137 /* MainCardViewState.swift in Sources */ = {isa = PBXBuildFile; fileRef = C8E197BC2A9569EA00FA3137 /* MainCardViewState.swift */; };
		C8E197BF2A956B1800FA3137 /* PokeImageViewState.swift in Sources */ = {isa = PBXBuildFile; fileRef = C8E197BE2A956B1800FA3137 /* PokeImageViewState.swift */; };
		C8E197C12A956C6300FA3137 /* CardInfoViewState.swift in Sources */ = {isa = PBXBuildFile; fileRef = C8E197C02A956C6300FA3137 /* CardInfoViewState.swift */; };
		C8E197C32A956CF000FA3137 /* ShinyButtonViewState.swift in Sources */ = {isa = PBXBuildFile; fileRef = C8E197C22A956CF000FA3137 /* ShinyButtonViewState.swift */; };
		C8E197C52A956D8D00FA3137 /* CardStatsViewState.swift in Sources */ = {isa = PBXBuildFile; fileRef = C8E197C42A956D8D00FA3137 /* CardStatsViewState.swift */; };
		C8E197C72A960D7B00FA3137 /* Stat.swift in Sources */ = {isa = PBXBuildFile; fileRef = C8E197C62A960D7B00FA3137 /* Stat.swift */; };
		C8E197CD2A96133300FA3137 /* TypeSlot.swift in Sources */ = {isa = PBXBuildFile; fileRef = C8E197CC2A96133300FA3137 /* TypeSlot.swift */; };
		C8E197D22A976FAD00FA3137 /* FavoritesScene.swift in Sources */ = {isa = PBXBuildFile; fileRef = C8E197D12A976FAD00FA3137 /* FavoritesScene.swift */; };
		C8E197D42A97702100FA3137 /* FavoritesSceneState.swift in Sources */ = {isa = PBXBuildFile; fileRef = C8E197D32A97702100FA3137 /* FavoritesSceneState.swift */; };
		C8E197D62A97812B00FA3137 /* EvolveService.swift in Sources */ = {isa = PBXBuildFile; fileRef = C8E197D52A97812B00FA3137 /* EvolveService.swift */; };
		C8E197D92A9782C500FA3137 /* PokemonSpecies.swift in Sources */ = {isa = PBXBuildFile; fileRef = C8E197D82A9782C500FA3137 /* PokemonSpecies.swift */; };
		C8E197DB2A9783CF00FA3137 /* UrlChain.swift in Sources */ = {isa = PBXBuildFile; fileRef = C8E197DA2A9783CF00FA3137 /* UrlChain.swift */; };
		C8E197DD2A9784D900FA3137 /* SpeciesService.swift in Sources */ = {isa = PBXBuildFile; fileRef = C8E197DC2A9784D900FA3137 /* SpeciesService.swift */; };
		C8E197E02A9786EF00FA3137 /* EvolutionChain.swift in Sources */ = {isa = PBXBuildFile; fileRef = C8E197DF2A9786EF00FA3137 /* EvolutionChain.swift */; };
		C8E197E22A97873000FA3137 /* EvolvesTo.swift in Sources */ = {isa = PBXBuildFile; fileRef = C8E197E12A97873000FA3137 /* EvolvesTo.swift */; };
		C8E197E42A97939800FA3137 /* SpeciesObservableObject.swift in Sources */ = {isa = PBXBuildFile; fileRef = C8E197E32A97939800FA3137 /* SpeciesObservableObject.swift */; };
		C8E197E62A9793B100FA3137 /* EvolutionChainObservableObject.swift in Sources */ = {isa = PBXBuildFile; fileRef = C8E197E52A9793B100FA3137 /* EvolutionChainObservableObject.swift */; };
		C8E197E82A98F93700FA3137 /* EvolveStage.swift in Sources */ = {isa = PBXBuildFile; fileRef = C8E197E72A98F93700FA3137 /* EvolveStage.swift */; };
		C8E197EA2A9911EB00FA3137 /* EvolutionButtonViewState.swift in Sources */ = {isa = PBXBuildFile; fileRef = C8E197E92A9911EB00FA3137 /* EvolutionButtonViewState.swift */; };
		C8E197EC2A9915D700FA3137 /* ObservablObjectError.swift in Sources */ = {isa = PBXBuildFile; fileRef = C8E197EB2A9915D700FA3137 /* ObservablObjectError.swift */; };
		C8E197EF2A9937A000FA3137 /* SimpleToast in Frameworks */ = {isa = PBXBuildFile; productRef = C8E197EE2A9937A000FA3137 /* SimpleToast */; };
/* End PBXBuildFile section */

/* Begin PBXContainerItemProxy section */
		C838BB0F2A768C830042FFCE /* PBXContainerItemProxy */ = {
			isa = PBXContainerItemProxy;
			containerPortal = C838BAF62A768C820042FFCE /* Project object */;
			proxyType = 1;
			remoteGlobalIDString = C838BAFD2A768C820042FFCE;
			remoteInfo = Pokepedia;
		};
		C838BB192A768C830042FFCE /* PBXContainerItemProxy */ = {
			isa = PBXContainerItemProxy;
			containerPortal = C838BAF62A768C820042FFCE /* Project object */;
			proxyType = 1;
			remoteGlobalIDString = C838BAFD2A768C820042FFCE;
			remoteInfo = Pokepedia;
		};
		C888E2A42A9B9809002D0E56 /* PBXContainerItemProxy */ = {
			isa = PBXContainerItemProxy;
			containerPortal = C838BAF62A768C820042FFCE /* Project object */;
			proxyType = 1;
			remoteGlobalIDString = C888E2902A9B9807002D0E56;
			remoteInfo = FavoritPokemonExtension;
		};
/* End PBXContainerItemProxy section */

/* Begin PBXCopyFilesBuildPhase section */
		C888E2A72A9B9809002D0E56 /* Embed Foundation Extensions */ = {
			isa = PBXCopyFilesBuildPhase;
			buildActionMask = 2147483647;
			dstPath = "";
			dstSubfolderSpec = 13;
			files = (
				C888E2A62A9B9809002D0E56 /* FavoritPokemonExtension.appex in Embed Foundation Extensions */,
			);
			name = "Embed Foundation Extensions";
			runOnlyForDeploymentPostprocessing = 0;
		};
/* End PBXCopyFilesBuildPhase section */

/* Begin PBXFileReference section */
		C81F00022AAC9DE30032F371 /* MainScene.swift */ = {isa = PBXFileReference; lastKnownFileType = sourcecode.swift; path = MainScene.swift; sourceTree = "<group>"; };
		C81F00042AAC9EEF0032F371 /* MenuListView.swift */ = {isa = PBXFileReference; lastKnownFileType = sourcecode.swift; path = MenuListView.swift; sourceTree = "<group>"; };
		C81F00092AACA5D10032F371 /* NavigationButtonView.swift */ = {isa = PBXFileReference; lastKnownFileType = sourcecode.swift; path = NavigationButtonView.swift; sourceTree = "<group>"; };
		C81F00122AAD1BA30032F371 /* StringExtension.swift */ = {isa = PBXFileReference; lastKnownFileType = sourcecode.swift; path = StringExtension.swift; sourceTree = "<group>"; };
		C81F00142AAD1D5F0032F371 /* MenuListViewState.swift */ = {isa = PBXFileReference; lastKnownFileType = sourcecode.swift; path = MenuListViewState.swift; sourceTree = "<group>"; };
		C81F00162AAD200A0032F371 /* MoveScene.swift */ = {isa = PBXFileReference; lastKnownFileType = sourcecode.swift; path = MoveScene.swift; sourceTree = "<group>"; };
		C81F00182AAD22100032F371 /* MenuRowView.swift */ = {isa = PBXFileReference; lastKnownFileType = sourcecode.swift; path = MenuRowView.swift; sourceTree = "<group>"; };
		C81F001A2AAD2A970032F371 /* TypeScene.swift */ = {isa = PBXFileReference; lastKnownFileType = sourcecode.swift; path = TypeScene.swift; sourceTree = "<group>"; };
		C81F001E2AADA8400032F371 /* MenuRow.swift */ = {isa = PBXFileReference; lastKnownFileType = sourcecode.swift; path = MenuRow.swift; sourceTree = "<group>"; };
		C81F00202AADC2850032F371 /* TypeService.swift */ = {isa = PBXFileReference; lastKnownFileType = sourcecode.swift; path = TypeService.swift; sourceTree = "<group>"; };
		C81F00222AADC2960032F371 /* GenerationService.swift */ = {isa = PBXFileReference; lastKnownFileType = sourcecode.swift; path = GenerationService.swift; sourceTree = "<group>"; };
		C81F00242AADC3CE0032F371 /* PokemonType.swift */ = {isa = PBXFileReference; lastKnownFileType = sourcecode.swift; path = PokemonType.swift; sourceTree = "<group>"; };
		C81F00262AADC52D0032F371 /* PokemonSlot.swift */ = {isa = PBXFileReference; lastKnownFileType = sourcecode.swift; path = PokemonSlot.swift; sourceTree = "<group>"; };
		C81F00282AADC5DF0032F371 /* Generation.swift */ = {isa = PBXFileReference; lastKnownFileType = sourcecode.swift; path = Generation.swift; sourceTree = "<group>"; };
		C81F002A2AADD00F0032F371 /* PokemonTypeObservableObject.swift */ = {isa = PBXFileReference; lastKnownFileType = sourcecode.swift; path = PokemonTypeObservableObject.swift; sourceTree = "<group>"; };
		C81F002C2AADD0390032F371 /* GenerationObservableObject.swift */ = {isa = PBXFileReference; lastKnownFileType = sourcecode.swift; path = GenerationObservableObject.swift; sourceTree = "<group>"; };
		C81F002F2AADF2300032F371 /* FilterScene.swift */ = {isa = PBXFileReference; lastKnownFileType = sourcecode.swift; path = FilterScene.swift; sourceTree = "<group>"; };
		C81F00312AADF3910032F371 /* FilterSceneState.swift */ = {isa = PBXFileReference; lastKnownFileType = sourcecode.swift; path = FilterSceneState.swift; sourceTree = "<group>"; };
		C81F00332AAEFE630032F371 /* MoveSlot.swift */ = {isa = PBXFileReference; lastKnownFileType = sourcecode.swift; path = MoveSlot.swift; sourceTree = "<group>"; };
		C81F00352AAEFE840032F371 /* AbilitySlot.swift */ = {isa = PBXFileReference; lastKnownFileType = sourcecode.swift; path = AbilitySlot.swift; sourceTree = "<group>"; };
		C81F00372AAF00810032F371 /* Ability.swift */ = {isa = PBXFileReference; lastKnownFileType = sourcecode.swift; path = Ability.swift; sourceTree = "<group>"; };
		C81F00392AAF040F0032F371 /* EffectEntry.swift */ = {isa = PBXFileReference; lastKnownFileType = sourcecode.swift; path = EffectEntry.swift; sourceTree = "<group>"; };
		C81F003D2AAF063C0032F371 /* EffectChange.swift */ = {isa = PBXFileReference; lastKnownFileType = sourcecode.swift; path = EffectChange.swift; sourceTree = "<group>"; };
		C81F003F2AAF1CD90032F371 /* TypeDamageRelations.swift */ = {isa = PBXFileReference; lastKnownFileType = sourcecode.swift; path = TypeDamageRelations.swift; sourceTree = "<group>"; };
		C81F00412AAF1F420032F371 /* Move.swift */ = {isa = PBXFileReference; lastKnownFileType = sourcecode.swift; path = Move.swift; sourceTree = "<group>"; };
		C81F00432AAF24810032F371 /* Location.swift */ = {isa = PBXFileReference; lastKnownFileType = sourcecode.swift; path = Location.swift; sourceTree = "<group>"; };
		C81F00452AAF25560032F371 /* Item.swift */ = {isa = PBXFileReference; lastKnownFileType = sourcecode.swift; path = Item.swift; sourceTree = "<group>"; };
		C81F00472AAF2A570032F371 /* File.swift */ = {isa = PBXFileReference; lastKnownFileType = sourcecode.swift; path = File.swift; sourceTree = "<group>"; };
		C838BAFE2A768C820042FFCE /* Pokepedia.app */ = {isa = PBXFileReference; explicitFileType = wrapper.application; includeInIndex = 0; path = Pokepedia.app; sourceTree = BUILT_PRODUCTS_DIR; };
		C838BB012A768C820042FFCE /* PokepediaApp.swift */ = {isa = PBXFileReference; lastKnownFileType = sourcecode.swift; path = PokepediaApp.swift; sourceTree = "<group>"; };
		C838BB032A768C820042FFCE /* ContentView.swift */ = {isa = PBXFileReference; lastKnownFileType = sourcecode.swift; path = ContentView.swift; sourceTree = "<group>"; };
		C838BB052A768C830042FFCE /* Assets.xcassets */ = {isa = PBXFileReference; lastKnownFileType = folder.assetcatalog; path = Assets.xcassets; sourceTree = "<group>"; };
		C838BB082A768C830042FFCE /* Preview Assets.xcassets */ = {isa = PBXFileReference; lastKnownFileType = folder.assetcatalog; path = "Preview Assets.xcassets"; sourceTree = "<group>"; };
		C838BB0E2A768C830042FFCE /* PokepediaTests.xctest */ = {isa = PBXFileReference; explicitFileType = wrapper.cfbundle; includeInIndex = 0; path = PokepediaTests.xctest; sourceTree = BUILT_PRODUCTS_DIR; };
		C838BB122A768C830042FFCE /* PokepediaTests.swift */ = {isa = PBXFileReference; lastKnownFileType = sourcecode.swift; path = PokepediaTests.swift; sourceTree = "<group>"; };
		C838BB182A768C830042FFCE /* PokepediaUITests.xctest */ = {isa = PBXFileReference; explicitFileType = wrapper.cfbundle; includeInIndex = 0; path = PokepediaUITests.xctest; sourceTree = BUILT_PRODUCTS_DIR; };
		C838BB1C2A768C830042FFCE /* PokepediaUITests.swift */ = {isa = PBXFileReference; lastKnownFileType = sourcecode.swift; path = PokepediaUITests.swift; sourceTree = "<group>"; };
		C838BB1E2A768C830042FFCE /* PokepediaUITestsLaunchTests.swift */ = {isa = PBXFileReference; lastKnownFileType = sourcecode.swift; path = PokepediaUITestsLaunchTests.swift; sourceTree = "<group>"; };
		C838BB992A76929D0042FFCE /* PokeListScene.swift */ = {isa = PBXFileReference; lastKnownFileType = sourcecode.swift; path = PokeListScene.swift; sourceTree = "<group>"; };
		C838BB9B2A7692AD0042FFCE /* PokeCardScene.swift */ = {isa = PBXFileReference; lastKnownFileType = sourcecode.swift; path = PokeCardScene.swift; sourceTree = "<group>"; };
		C838BBA12A76946C0042FFCE /* PokeRowView.swift */ = {isa = PBXFileReference; lastKnownFileType = sourcecode.swift; path = PokeRowView.swift; sourceTree = "<group>"; };
		C838BBA32A7694F80042FFCE /* Pokemon.swift */ = {isa = PBXFileReference; lastKnownFileType = sourcecode.swift; path = Pokemon.swift; sourceTree = "<group>"; };
		C838BBA52A76959D0042FFCE /* PossibleTypes.swift */ = {isa = PBXFileReference; lastKnownFileType = sourcecode.swift; path = PossibleTypes.swift; sourceTree = "<group>"; };
		C838BBAB2A77AB800042FFCE /* CardTitleView.swift */ = {isa = PBXFileReference; lastKnownFileType = sourcecode.swift; path = CardTitleView.swift; sourceTree = "<group>"; };
		C838BBAD2A77ABDC0042FFCE /* MainCardView.swift */ = {isa = PBXFileReference; lastKnownFileType = sourcecode.swift; path = MainCardView.swift; sourceTree = "<group>"; };
		C838BBAF2A77AC050042FFCE /* CardInfoView.swift */ = {isa = PBXFileReference; lastKnownFileType = sourcecode.swift; path = CardInfoView.swift; sourceTree = "<group>"; };
		C838BBB12A77B5A20042FFCE /* ShinyButtonView.swift */ = {isa = PBXFileReference; lastKnownFileType = sourcecode.swift; path = ShinyButtonView.swift; sourceTree = "<group>"; };
		C838BBB32A77B8DC0042FFCE /* TypesView.swift */ = {isa = PBXFileReference; lastKnownFileType = sourcecode.swift; path = TypesView.swift; sourceTree = "<group>"; };
		C838BBB52A77BE1F0042FFCE /* EvolutionButtonView.swift */ = {isa = PBXFileReference; lastKnownFileType = sourcecode.swift; path = EvolutionButtonView.swift; sourceTree = "<group>"; };
		C838BBB92A77F83B0042FFCE /* CardStatsView.swift */ = {isa = PBXFileReference; lastKnownFileType = sourcecode.swift; path = CardStatsView.swift; sourceTree = "<group>"; };
		C838BBD82A7A96630042FFCE /* EvolveScene.swift */ = {isa = PBXFileReference; lastKnownFileType = sourcecode.swift; path = EvolveScene.swift; sourceTree = "<group>"; };
		C888E2912A9B9807002D0E56 /* FavoritPokemonExtension.appex */ = {isa = PBXFileReference; explicitFileType = "wrapper.app-extension"; includeInIndex = 0; path = FavoritPokemonExtension.appex; sourceTree = BUILT_PRODUCTS_DIR; };
		C888E2932A9B9807002D0E56 /* WidgetKit.framework */ = {isa = PBXFileReference; lastKnownFileType = wrapper.framework; name = WidgetKit.framework; path = System/Library/Frameworks/WidgetKit.framework; sourceTree = SDKROOT; };
		C888E2952A9B9807002D0E56 /* SwiftUI.framework */ = {isa = PBXFileReference; lastKnownFileType = wrapper.framework; name = SwiftUI.framework; path = System/Library/Frameworks/SwiftUI.framework; sourceTree = SDKROOT; };
		C888E2982A9B9808002D0E56 /* FavoritPokemonBundle.swift */ = {isa = PBXFileReference; lastKnownFileType = sourcecode.swift; path = FavoritPokemonBundle.swift; sourceTree = "<group>"; };
		C888E29A2A9B9808002D0E56 /* FavoritPokemonLiveActivity.swift */ = {isa = PBXFileReference; lastKnownFileType = sourcecode.swift; path = FavoritPokemonLiveActivity.swift; sourceTree = "<group>"; };
		C888E29C2A9B9808002D0E56 /* FavoritPokemon.swift */ = {isa = PBXFileReference; lastKnownFileType = sourcecode.swift; path = FavoritPokemon.swift; sourceTree = "<group>"; };
		C888E29E2A9B9808002D0E56 /* FavoritPokemon.intentdefinition */ = {isa = PBXFileReference; lastKnownFileType = file.intentdefinition; path = FavoritPokemon.intentdefinition; sourceTree = "<group>"; };
		C888E29F2A9B9809002D0E56 /* Assets.xcassets */ = {isa = PBXFileReference; lastKnownFileType = folder.assetcatalog; path = Assets.xcassets; sourceTree = "<group>"; };
		C888E2A12A9B9809002D0E56 /* Info.plist */ = {isa = PBXFileReference; lastKnownFileType = text.plist.xml; path = Info.plist; sourceTree = "<group>"; };
		C888E2AB2A9C9250002D0E56 /* Pokepedia.entitlements */ = {isa = PBXFileReference; lastKnownFileType = text.plist.entitlements; path = Pokepedia.entitlements; sourceTree = "<group>"; };
		C888E2AC2A9C92F7002D0E56 /* FavoritPokemonExtension.entitlements */ = {isa = PBXFileReference; lastKnownFileType = text.plist.entitlements; path = FavoritPokemonExtension.entitlements; sourceTree = "<group>"; };
		C888E2AE2A9CAC99002D0E56 /* ShinyWidgetButtonView.swift */ = {isa = PBXFileReference; lastKnownFileType = sourcecode.swift; path = ShinyWidgetButtonView.swift; sourceTree = "<group>"; };
		C8E197952A9535E200FA3137 /* PokeImageView.swift */ = {isa = PBXFileReference; lastKnownFileType = sourcecode.swift; path = PokeImageView.swift; sourceTree = "<group>"; };
		C8E197992A9537F300FA3137 /* MenuListService.swift */ = {isa = PBXFileReference; lastKnownFileType = sourcecode.swift; path = MenuListService.swift; sourceTree = "<group>"; };
		C8E1979B2A9538F000FA3137 /* ListData.swift */ = {isa = PBXFileReference; lastKnownFileType = sourcecode.swift; path = ListData.swift; sourceTree = "<group>"; };
		C8E1979E2A953D0400FA3137 /* RowData.swift */ = {isa = PBXFileReference; lastKnownFileType = sourcecode.swift; path = RowData.swift; sourceTree = "<group>"; };
		C8E197A02A953F1700FA3137 /* Services.swift */ = {isa = PBXFileReference; lastKnownFileType = sourcecode.swift; path = Services.swift; sourceTree = "<group>"; };
		C8E197A22A9541E600FA3137 /* Environment.swift */ = {isa = PBXFileReference; lastKnownFileType = sourcecode.swift; path = Environment.swift; sourceTree = "<group>"; };
		C8E197A42A9541F900FA3137 /* ObservableObjects.swift */ = {isa = PBXFileReference; lastKnownFileType = sourcecode.swift; path = ObservableObjects.swift; sourceTree = "<group>"; };
		C8E197A72A95421400FA3137 /* Coordinator.swift */ = {isa = PBXFileReference; lastKnownFileType = sourcecode.swift; path = Coordinator.swift; sourceTree = "<group>"; };
		C8E197A92A95455F00FA3137 /* MenuListObservableObject.swift */ = {isa = PBXFileReference; lastKnownFileType = sourcecode.swift; path = MenuListObservableObject.swift; sourceTree = "<group>"; };
		C8E197AB2A954C8C00FA3137 /* PokeListSceneState.swift */ = {isa = PBXFileReference; lastKnownFileType = sourcecode.swift; path = PokeListSceneState.swift; sourceTree = "<group>"; };
		C8E197AD2A9550B000FA3137 /* TypesViewState.swift */ = {isa = PBXFileReference; lastKnownFileType = sourcecode.swift; path = TypesViewState.swift; sourceTree = "<group>"; };
		C8E197AF2A95512800FA3137 /* PokeRowViewState.swift */ = {isa = PBXFileReference; lastKnownFileType = sourcecode.swift; path = PokeRowViewState.swift; sourceTree = "<group>"; };
		C8E197B12A95521000FA3137 /* PokemonService.swift */ = {isa = PBXFileReference; lastKnownFileType = sourcecode.swift; path = PokemonService.swift; sourceTree = "<group>"; };
		C8E197B32A95570E00FA3137 /* PokemonObservableObject.swift */ = {isa = PBXFileReference; lastKnownFileType = sourcecode.swift; path = PokemonObservableObject.swift; sourceTree = "<group>"; };
		C8E197B62A9562C200FA3137 /* EvolveSceneState.swift */ = {isa = PBXFileReference; lastKnownFileType = sourcecode.swift; path = EvolveSceneState.swift; sourceTree = "<group>"; };
		C8E197B82A95631800FA3137 /* PokeCardSceneState.swift */ = {isa = PBXFileReference; lastKnownFileType = sourcecode.swift; path = PokeCardSceneState.swift; sourceTree = "<group>"; };
		C8E197BA2A95696700FA3137 /* CardTitleViewState.swift */ = {isa = PBXFileReference; lastKnownFileType = sourcecode.swift; path = CardTitleViewState.swift; sourceTree = "<group>"; };
		C8E197BC2A9569EA00FA3137 /* MainCardViewState.swift */ = {isa = PBXFileReference; lastKnownFileType = sourcecode.swift; path = MainCardViewState.swift; sourceTree = "<group>"; };
		C8E197BE2A956B1800FA3137 /* PokeImageViewState.swift */ = {isa = PBXFileReference; lastKnownFileType = sourcecode.swift; path = PokeImageViewState.swift; sourceTree = "<group>"; };
		C8E197C02A956C6300FA3137 /* CardInfoViewState.swift */ = {isa = PBXFileReference; lastKnownFileType = sourcecode.swift; path = CardInfoViewState.swift; sourceTree = "<group>"; };
		C8E197C22A956CF000FA3137 /* ShinyButtonViewState.swift */ = {isa = PBXFileReference; lastKnownFileType = sourcecode.swift; path = ShinyButtonViewState.swift; sourceTree = "<group>"; };
		C8E197C42A956D8D00FA3137 /* CardStatsViewState.swift */ = {isa = PBXFileReference; lastKnownFileType = sourcecode.swift; path = CardStatsViewState.swift; sourceTree = "<group>"; };
		C8E197C62A960D7B00FA3137 /* Stat.swift */ = {isa = PBXFileReference; lastKnownFileType = sourcecode.swift; path = Stat.swift; sourceTree = "<group>"; };
		C8E197CC2A96133300FA3137 /* TypeSlot.swift */ = {isa = PBXFileReference; lastKnownFileType = sourcecode.swift; path = TypeSlot.swift; sourceTree = "<group>"; };
		C8E197D12A976FAD00FA3137 /* FavoritesScene.swift */ = {isa = PBXFileReference; lastKnownFileType = sourcecode.swift; path = FavoritesScene.swift; sourceTree = "<group>"; };
		C8E197D32A97702100FA3137 /* FavoritesSceneState.swift */ = {isa = PBXFileReference; lastKnownFileType = sourcecode.swift; path = FavoritesSceneState.swift; sourceTree = "<group>"; };
		C8E197D52A97812B00FA3137 /* EvolveService.swift */ = {isa = PBXFileReference; lastKnownFileType = sourcecode.swift; path = EvolveService.swift; sourceTree = "<group>"; };
		C8E197D82A9782C500FA3137 /* PokemonSpecies.swift */ = {isa = PBXFileReference; lastKnownFileType = sourcecode.swift; path = PokemonSpecies.swift; sourceTree = "<group>"; };
		C8E197DA2A9783CF00FA3137 /* UrlChain.swift */ = {isa = PBXFileReference; lastKnownFileType = sourcecode.swift; path = UrlChain.swift; sourceTree = "<group>"; };
		C8E197DC2A9784D900FA3137 /* SpeciesService.swift */ = {isa = PBXFileReference; lastKnownFileType = sourcecode.swift; path = SpeciesService.swift; sourceTree = "<group>"; };
		C8E197DF2A9786EF00FA3137 /* EvolutionChain.swift */ = {isa = PBXFileReference; lastKnownFileType = sourcecode.swift; path = EvolutionChain.swift; sourceTree = "<group>"; };
		C8E197E12A97873000FA3137 /* EvolvesTo.swift */ = {isa = PBXFileReference; lastKnownFileType = sourcecode.swift; path = EvolvesTo.swift; sourceTree = "<group>"; };
		C8E197E32A97939800FA3137 /* SpeciesObservableObject.swift */ = {isa = PBXFileReference; lastKnownFileType = sourcecode.swift; path = SpeciesObservableObject.swift; sourceTree = "<group>"; };
		C8E197E52A9793B100FA3137 /* EvolutionChainObservableObject.swift */ = {isa = PBXFileReference; lastKnownFileType = sourcecode.swift; path = EvolutionChainObservableObject.swift; sourceTree = "<group>"; };
		C8E197E72A98F93700FA3137 /* EvolveStage.swift */ = {isa = PBXFileReference; lastKnownFileType = sourcecode.swift; path = EvolveStage.swift; sourceTree = "<group>"; };
		C8E197E92A9911EB00FA3137 /* EvolutionButtonViewState.swift */ = {isa = PBXFileReference; lastKnownFileType = sourcecode.swift; path = EvolutionButtonViewState.swift; sourceTree = "<group>"; };
		C8E197EB2A9915D700FA3137 /* ObservablObjectError.swift */ = {isa = PBXFileReference; lastKnownFileType = sourcecode.swift; path = ObservablObjectError.swift; sourceTree = "<group>"; };
/* End PBXFileReference section */

/* Begin PBXFrameworksBuildPhase section */
		C838BAFB2A768C820042FFCE /* Frameworks */ = {
			isa = PBXFrameworksBuildPhase;
			buildActionMask = 2147483647;
			files = (
				C8E197EF2A9937A000FA3137 /* SimpleToast in Frameworks */,
			);
			runOnlyForDeploymentPostprocessing = 0;
		};
		C838BB0B2A768C830042FFCE /* Frameworks */ = {
			isa = PBXFrameworksBuildPhase;
			buildActionMask = 2147483647;
			files = (
			);
			runOnlyForDeploymentPostprocessing = 0;
		};
		C838BB152A768C830042FFCE /* Frameworks */ = {
			isa = PBXFrameworksBuildPhase;
			buildActionMask = 2147483647;
			files = (
			);
			runOnlyForDeploymentPostprocessing = 0;
		};
		C888E28E2A9B9807002D0E56 /* Frameworks */ = {
			isa = PBXFrameworksBuildPhase;
			buildActionMask = 2147483647;
			files = (
				C888E2962A9B9807002D0E56 /* SwiftUI.framework in Frameworks */,
				C888E2942A9B9807002D0E56 /* WidgetKit.framework in Frameworks */,
			);
			runOnlyForDeploymentPostprocessing = 0;
		};
/* End PBXFrameworksBuildPhase section */

/* Begin PBXGroup section */
		C81F00002AAC9D690032F371 /* MenuListScene */ = {
			isa = PBXGroup;
			children = (
				C81F00042AAC9EEF0032F371 /* MenuListView.swift */,
				C81F00142AAD1D5F0032F371 /* MenuListViewState.swift */,
				C81F00182AAD22100032F371 /* MenuRowView.swift */,
			);
			path = MenuListScene;
			sourceTree = "<group>";
		};
		C81F00012AAC9D7B0032F371 /* TypeScene */ = {
			isa = PBXGroup;
			children = (
				C81F001A2AAD2A970032F371 /* TypeScene.swift */,
			);
			path = TypeScene;
			sourceTree = "<group>";
		};
		C81F00112AAD1B800032F371 /* Extensions */ = {
			isa = PBXGroup;
			children = (
				C81F00122AAD1BA30032F371 /* StringExtension.swift */,
			);
			path = Extensions;
			sourceTree = "<group>";
		};
		C81F001C2AAD2ABC0032F371 /* MoveScene */ = {
			isa = PBXGroup;
			children = (
				C81F00162AAD200A0032F371 /* MoveScene.swift */,
			);
			path = MoveScene;
			sourceTree = "<group>";
		};
		C81F001D2AADA81F0032F371 /* Enums */ = {
			isa = PBXGroup;
			children = (
				C81F001E2AADA8400032F371 /* MenuRow.swift */,
				C838BBA52A76959D0042FFCE /* PossibleTypes.swift */,
			);
			path = Enums;
			sourceTree = "<group>";
		};
		C81F002E2AADF2190032F371 /* FilterScene */ = {
			isa = PBXGroup;
			children = (
				C81F002F2AADF2300032F371 /* FilterScene.swift */,
				C81F00312AADF3910032F371 /* FilterSceneState.swift */,
			);
			path = FilterScene;
			sourceTree = "<group>";
		};
		C81FFFFF2AAC9D460032F371 /* MainScene */ = {
			isa = PBXGroup;
			children = (
				C81F00022AAC9DE30032F371 /* MainScene.swift */,
				C81F00092AACA5D10032F371 /* NavigationButtonView.swift */,
			);
			path = MainScene;
			sourceTree = "<group>";
		};
		C838BAF52A768C820042FFCE = {
			isa = PBXGroup;
			children = (
				C888E2AC2A9C92F7002D0E56 /* FavoritPokemonExtension.entitlements */,
				C838BB002A768C820042FFCE /* Pokepedia */,
				C838BB112A768C830042FFCE /* PokepediaTests */,
				C838BB1B2A768C830042FFCE /* PokepediaUITests */,
				C888E2972A9B9808002D0E56 /* FavoritPokemon */,
				C888E2922A9B9807002D0E56 /* Frameworks */,
				C838BAFF2A768C820042FFCE /* Products */,
			);
			sourceTree = "<group>";
		};
		C838BAFF2A768C820042FFCE /* Products */ = {
			isa = PBXGroup;
			children = (
				C838BAFE2A768C820042FFCE /* Pokepedia.app */,
				C838BB0E2A768C830042FFCE /* PokepediaTests.xctest */,
				C838BB182A768C830042FFCE /* PokepediaUITests.xctest */,
				C888E2912A9B9807002D0E56 /* FavoritPokemonExtension.appex */,
			);
			name = Products;
			sourceTree = "<group>";
		};
		C838BB002A768C820042FFCE /* Pokepedia */ = {
			isa = PBXGroup;
			children = (
				C81F001D2AADA81F0032F371 /* Enums */,
				C81F00112AAD1B800032F371 /* Extensions */,
				C888E2AB2A9C9250002D0E56 /* Pokepedia.entitlements */,
				C8E197B52A95575500FA3137 /* Errors */,
				C8E197982A95373C00FA3137 /* Environment */,
				C8E197972A95372F00FA3137 /* Services */,
				C838BB982A7692350042FFCE /* Scenes */,
				C838BB972A7692240042FFCE /* Models */,
				C838BB012A768C820042FFCE /* PokepediaApp.swift */,
				C838BB032A768C820042FFCE /* ContentView.swift */,
				C838BB052A768C830042FFCE /* Assets.xcassets */,
				C838BB072A768C830042FFCE /* Preview Content */,
			);
			path = Pokepedia;
			sourceTree = "<group>";
		};
		C838BB072A768C830042FFCE /* Preview Content */ = {
			isa = PBXGroup;
			children = (
				C838BB082A768C830042FFCE /* Preview Assets.xcassets */,
			);
			path = "Preview Content";
			sourceTree = "<group>";
		};
		C838BB112A768C830042FFCE /* PokepediaTests */ = {
			isa = PBXGroup;
			children = (
				C838BB122A768C830042FFCE /* PokepediaTests.swift */,
			);
			path = PokepediaTests;
			sourceTree = "<group>";
		};
		C838BB1B2A768C830042FFCE /* PokepediaUITests */ = {
			isa = PBXGroup;
			children = (
				C838BB1C2A768C830042FFCE /* PokepediaUITests.swift */,
				C838BB1E2A768C830042FFCE /* PokepediaUITestsLaunchTests.swift */,
			);
			path = PokepediaUITests;
			sourceTree = "<group>";
		};
		C838BB972A7692240042FFCE /* Models */ = {
			isa = PBXGroup;
			children = (
				C8E197DE2A9786DA00FA3137 /* EvolutionModels */,
				C8E197D72A97821500FA3137 /* SpeciesModels */,
				C838BBA32A7694F80042FFCE /* Pokemon.swift */,
				C8E1979B2A9538F000FA3137 /* ListData.swift */,
				C8E1979E2A953D0400FA3137 /* RowData.swift */,
				C8E197C62A960D7B00FA3137 /* Stat.swift */,
				C8E197CC2A96133300FA3137 /* TypeSlot.swift */,
				C81F00242AADC3CE0032F371 /* PokemonType.swift */,
				C81F00262AADC52D0032F371 /* PokemonSlot.swift */,
				C81F00282AADC5DF0032F371 /* Generation.swift */,
				C81F00332AAEFE630032F371 /* MoveSlot.swift */,
				C81F00352AAEFE840032F371 /* AbilitySlot.swift */,
				C81F00372AAF00810032F371 /* Ability.swift */,
				C81F00392AAF040F0032F371 /* EffectEntry.swift */,
				C81F003D2AAF063C0032F371 /* EffectChange.swift */,
				C81F003F2AAF1CD90032F371 /* TypeDamageRelations.swift */,
				C81F00412AAF1F420032F371 /* Move.swift */,
				C81F00432AAF24810032F371 /* Location.swift */,
				C81F00452AAF25560032F371 /* Item.swift */,
				C81F00472AAF2A570032F371 /* File.swift */,
			);
			path = Models;
			sourceTree = "<group>";
		};
		C838BB982A7692350042FFCE /* Scenes */ = {
			isa = PBXGroup;
			children = (
				C81F001C2AAD2ABC0032F371 /* MoveScene */,
				C81F00012AAC9D7B0032F371 /* TypeScene */,
				C81F00002AAC9D690032F371 /* MenuListScene */,
				C81FFFFF2AAC9D460032F371 /* MainScene */,
				C81F002E2AADF2190032F371 /* FilterScene */,
				C838BB9D2A7692C00042FFCE /* PokeList */,
				C838BB9E2A7692CC0042FFCE /* PokeCard */,
			);
			path = Scenes;
			sourceTree = "<group>";
		};
		C838BB9D2A7692C00042FFCE /* PokeList */ = {
			isa = PBXGroup;
			children = (
				C8E197D02A976F9400FA3137 /* FavoritesScene */,
				C838BB992A76929D0042FFCE /* PokeListScene.swift */,
				C8E197AB2A954C8C00FA3137 /* PokeListSceneState.swift */,
				C838BBA12A76946C0042FFCE /* PokeRowView.swift */,
				C8E197AF2A95512800FA3137 /* PokeRowViewState.swift */,
				C838BBB32A77B8DC0042FFCE /* TypesView.swift */,
				C8E197AD2A9550B000FA3137 /* TypesViewState.swift */,
			);
			path = PokeList;
			sourceTree = "<group>";
		};
		C838BB9E2A7692CC0042FFCE /* PokeCard */ = {
			isa = PBXGroup;
			children = (
				C8E197BA2A95696700FA3137 /* CardTitleViewState.swift */,
				C838BBD72A7A964C0042FFCE /* EvolveScene */,
				C838BB9B2A7692AD0042FFCE /* PokeCardScene.swift */,
				C8E197B82A95631800FA3137 /* PokeCardSceneState.swift */,
				C838BBAB2A77AB800042FFCE /* CardTitleView.swift */,
				C838BBAD2A77ABDC0042FFCE /* MainCardView.swift */,
				C8E197BC2A9569EA00FA3137 /* MainCardViewState.swift */,
				C838BBAF2A77AC050042FFCE /* CardInfoView.swift */,
				C8E197C02A956C6300FA3137 /* CardInfoViewState.swift */,
				C838BBB12A77B5A20042FFCE /* ShinyButtonView.swift */,
				C8E197C22A956CF000FA3137 /* ShinyButtonViewState.swift */,
				C838BBB52A77BE1F0042FFCE /* EvolutionButtonView.swift */,
				C8E197E92A9911EB00FA3137 /* EvolutionButtonViewState.swift */,
				C838BBB92A77F83B0042FFCE /* CardStatsView.swift */,
				C8E197C42A956D8D00FA3137 /* CardStatsViewState.swift */,
				C8E197952A9535E200FA3137 /* PokeImageView.swift */,
				C8E197BE2A956B1800FA3137 /* PokeImageViewState.swift */,
			);
			path = PokeCard;
			sourceTree = "<group>";
		};
		C838BBD72A7A964C0042FFCE /* EvolveScene */ = {
			isa = PBXGroup;
			children = (
				C838BBD82A7A96630042FFCE /* EvolveScene.swift */,
				C8E197B62A9562C200FA3137 /* EvolveSceneState.swift */,
			);
			path = EvolveScene;
			sourceTree = "<group>";
		};
		C888E2922A9B9807002D0E56 /* Frameworks */ = {
			isa = PBXGroup;
			children = (
				C888E2932A9B9807002D0E56 /* WidgetKit.framework */,
				C888E2952A9B9807002D0E56 /* SwiftUI.framework */,
			);
			name = Frameworks;
			sourceTree = "<group>";
		};
		C888E2972A9B9808002D0E56 /* FavoritPokemon */ = {
			isa = PBXGroup;
			children = (
				C888E2AD2A9CAC70002D0E56 /* Views */,
				C888E2982A9B9808002D0E56 /* FavoritPokemonBundle.swift */,
				C888E29A2A9B9808002D0E56 /* FavoritPokemonLiveActivity.swift */,
				C888E29C2A9B9808002D0E56 /* FavoritPokemon.swift */,
				C888E29E2A9B9808002D0E56 /* FavoritPokemon.intentdefinition */,
				C888E29F2A9B9809002D0E56 /* Assets.xcassets */,
				C888E2A12A9B9809002D0E56 /* Info.plist */,
			);
			path = FavoritPokemon;
			sourceTree = "<group>";
		};
		C888E2AD2A9CAC70002D0E56 /* Views */ = {
			isa = PBXGroup;
			children = (
				C888E2AE2A9CAC99002D0E56 /* ShinyWidgetButtonView.swift */,
			);
			path = Views;
			sourceTree = "<group>";
		};
		C8E197972A95372F00FA3137 /* Services */ = {
			isa = PBXGroup;
			children = (
				C8E197992A9537F300FA3137 /* MenuListService.swift */,
				C8E197A02A953F1700FA3137 /* Services.swift */,
				C8E197B12A95521000FA3137 /* PokemonService.swift */,
				C8E197D52A97812B00FA3137 /* EvolveService.swift */,
				C8E197DC2A9784D900FA3137 /* SpeciesService.swift */,
				C81F00202AADC2850032F371 /* TypeService.swift */,
				C81F00222AADC2960032F371 /* GenerationService.swift */,
			);
			path = Services;
			sourceTree = "<group>";
		};
		C8E197982A95373C00FA3137 /* Environment */ = {
			isa = PBXGroup;
			children = (
				C8E197A62A9541FE00FA3137 /* ObservableObjects */,
				C8E197A22A9541E600FA3137 /* Environment.swift */,
				C8E197A42A9541F900FA3137 /* ObservableObjects.swift */,
				C8E197A72A95421400FA3137 /* Coordinator.swift */,
			);
			path = Environment;
			sourceTree = "<group>";
		};
		C8E197A62A9541FE00FA3137 /* ObservableObjects */ = {
			isa = PBXGroup;
			children = (
				C8E197A92A95455F00FA3137 /* MenuListObservableObject.swift */,
				C8E197B32A95570E00FA3137 /* PokemonObservableObject.swift */,
				C8E197E32A97939800FA3137 /* SpeciesObservableObject.swift */,
				C8E197E52A9793B100FA3137 /* EvolutionChainObservableObject.swift */,
				C81F002A2AADD00F0032F371 /* PokemonTypeObservableObject.swift */,
				C81F002C2AADD0390032F371 /* GenerationObservableObject.swift */,
			);
			path = ObservableObjects;
			sourceTree = "<group>";
		};
		C8E197B52A95575500FA3137 /* Errors */ = {
			isa = PBXGroup;
			children = (
				C8E197EB2A9915D700FA3137 /* ObservablObjectError.swift */,
			);
			path = Errors;
			sourceTree = "<group>";
		};
		C8E197D02A976F9400FA3137 /* FavoritesScene */ = {
			isa = PBXGroup;
			children = (
				C8E197D12A976FAD00FA3137 /* FavoritesScene.swift */,
				C8E197D32A97702100FA3137 /* FavoritesSceneState.swift */,
			);
			path = FavoritesScene;
			sourceTree = "<group>";
		};
		C8E197D72A97821500FA3137 /* SpeciesModels */ = {
			isa = PBXGroup;
			children = (
				C8E197D82A9782C500FA3137 /* PokemonSpecies.swift */,
				C8E197DA2A9783CF00FA3137 /* UrlChain.swift */,
			);
			path = SpeciesModels;
			sourceTree = "<group>";
		};
		C8E197DE2A9786DA00FA3137 /* EvolutionModels */ = {
			isa = PBXGroup;
			children = (
				C8E197DF2A9786EF00FA3137 /* EvolutionChain.swift */,
				C8E197E12A97873000FA3137 /* EvolvesTo.swift */,
				C8E197E72A98F93700FA3137 /* EvolveStage.swift */,
			);
			path = EvolutionModels;
			sourceTree = "<group>";
		};
/* End PBXGroup section */

/* Begin PBXNativeTarget section */
		C838BAFD2A768C820042FFCE /* Pokepedia */ = {
			isa = PBXNativeTarget;
			buildConfigurationList = C838BB222A768C830042FFCE /* Build configuration list for PBXNativeTarget "Pokepedia" */;
			buildPhases = (
				C838BAFA2A768C820042FFCE /* Sources */,
				C838BAFB2A768C820042FFCE /* Frameworks */,
				C838BAFC2A768C820042FFCE /* Resources */,
				C888E2A72A9B9809002D0E56 /* Embed Foundation Extensions */,
			);
			buildRules = (
			);
			dependencies = (
				C888E2A52A9B9809002D0E56 /* PBXTargetDependency */,
			);
			name = Pokepedia;
			packageProductDependencies = (
				C8E197EE2A9937A000FA3137 /* SimpleToast */,
			);
			productName = Pokepedia;
			productReference = C838BAFE2A768C820042FFCE /* Pokepedia.app */;
			productType = "com.apple.product-type.application";
		};
		C838BB0D2A768C830042FFCE /* PokepediaTests */ = {
			isa = PBXNativeTarget;
			buildConfigurationList = C838BB252A768C830042FFCE /* Build configuration list for PBXNativeTarget "PokepediaTests" */;
			buildPhases = (
				C838BB0A2A768C830042FFCE /* Sources */,
				C838BB0B2A768C830042FFCE /* Frameworks */,
				C838BB0C2A768C830042FFCE /* Resources */,
			);
			buildRules = (
			);
			dependencies = (
				C838BB102A768C830042FFCE /* PBXTargetDependency */,
			);
			name = PokepediaTests;
			productName = PokepediaTests;
			productReference = C838BB0E2A768C830042FFCE /* PokepediaTests.xctest */;
			productType = "com.apple.product-type.bundle.unit-test";
		};
		C838BB172A768C830042FFCE /* PokepediaUITests */ = {
			isa = PBXNativeTarget;
			buildConfigurationList = C838BB282A768C830042FFCE /* Build configuration list for PBXNativeTarget "PokepediaUITests" */;
			buildPhases = (
				C838BB142A768C830042FFCE /* Sources */,
				C838BB152A768C830042FFCE /* Frameworks */,
				C838BB162A768C830042FFCE /* Resources */,
			);
			buildRules = (
			);
			dependencies = (
				C838BB1A2A768C830042FFCE /* PBXTargetDependency */,
			);
			name = PokepediaUITests;
			productName = PokepediaUITests;
			productReference = C838BB182A768C830042FFCE /* PokepediaUITests.xctest */;
			productType = "com.apple.product-type.bundle.ui-testing";
		};
		C888E2902A9B9807002D0E56 /* FavoritPokemonExtension */ = {
			isa = PBXNativeTarget;
			buildConfigurationList = C888E2AA2A9B9809002D0E56 /* Build configuration list for PBXNativeTarget "FavoritPokemonExtension" */;
			buildPhases = (
				C888E28D2A9B9807002D0E56 /* Sources */,
				C888E28E2A9B9807002D0E56 /* Frameworks */,
				C888E28F2A9B9807002D0E56 /* Resources */,
			);
			buildRules = (
			);
			dependencies = (
			);
			name = FavoritPokemonExtension;
			productName = FavoritPokemonExtension;
			productReference = C888E2912A9B9807002D0E56 /* FavoritPokemonExtension.appex */;
			productType = "com.apple.product-type.app-extension";
		};
/* End PBXNativeTarget section */

/* Begin PBXProject section */
		C838BAF62A768C820042FFCE /* Project object */ = {
			isa = PBXProject;
			attributes = {
				BuildIndependentTargetsInParallel = 1;
				LastSwiftUpdateCheck = 1430;
				LastUpgradeCheck = 1430;
				TargetAttributes = {
					C838BAFD2A768C820042FFCE = {
						CreatedOnToolsVersion = 14.3.1;
					};
					C838BB0D2A768C830042FFCE = {
						CreatedOnToolsVersion = 14.3.1;
						TestTargetID = C838BAFD2A768C820042FFCE;
					};
					C838BB172A768C830042FFCE = {
						CreatedOnToolsVersion = 14.3.1;
						TestTargetID = C838BAFD2A768C820042FFCE;
					};
					C888E2902A9B9807002D0E56 = {
						CreatedOnToolsVersion = 14.3.1;
					};
				};
			};
			buildConfigurationList = C838BAF92A768C820042FFCE /* Build configuration list for PBXProject "Pokepedia" */;
			compatibilityVersion = "Xcode 14.0";
			developmentRegion = en;
			hasScannedForEncodings = 0;
			knownRegions = (
				en,
				Base,
			);
			mainGroup = C838BAF52A768C820042FFCE;
			packageReferences = (
				C8E197ED2A9937A000FA3137 /* XCRemoteSwiftPackageReference "SimpleToast" */,
			);
			productRefGroup = C838BAFF2A768C820042FFCE /* Products */;
			projectDirPath = "";
			projectRoot = "";
			targets = (
				C838BAFD2A768C820042FFCE /* Pokepedia */,
				C838BB0D2A768C830042FFCE /* PokepediaTests */,
				C838BB172A768C830042FFCE /* PokepediaUITests */,
				C888E2902A9B9807002D0E56 /* FavoritPokemonExtension */,
			);
		};
/* End PBXProject section */

/* Begin PBXResourcesBuildPhase section */
		C838BAFC2A768C820042FFCE /* Resources */ = {
			isa = PBXResourcesBuildPhase;
			buildActionMask = 2147483647;
			files = (
				C838BB092A768C830042FFCE /* Preview Assets.xcassets in Resources */,
				C838BB062A768C830042FFCE /* Assets.xcassets in Resources */,
			);
			runOnlyForDeploymentPostprocessing = 0;
		};
		C838BB0C2A768C830042FFCE /* Resources */ = {
			isa = PBXResourcesBuildPhase;
			buildActionMask = 2147483647;
			files = (
			);
			runOnlyForDeploymentPostprocessing = 0;
		};
		C838BB162A768C830042FFCE /* Resources */ = {
			isa = PBXResourcesBuildPhase;
			buildActionMask = 2147483647;
			files = (
			);
			runOnlyForDeploymentPostprocessing = 0;
		};
		C888E28F2A9B9807002D0E56 /* Resources */ = {
			isa = PBXResourcesBuildPhase;
			buildActionMask = 2147483647;
			files = (
				C888E2A02A9B9809002D0E56 /* Assets.xcassets in Resources */,
			);
			runOnlyForDeploymentPostprocessing = 0;
		};
/* End PBXResourcesBuildPhase section */

/* Begin PBXSourcesBuildPhase section */
		C838BAFA2A768C820042FFCE /* Sources */ = {
			isa = PBXSourcesBuildPhase;
			buildActionMask = 2147483647;
			files = (
				C8E197D42A97702100FA3137 /* FavoritesSceneState.swift in Sources */,
				C81F00032AAC9DE30032F371 /* MainScene.swift in Sources */,
				C81F00442AAF24810032F371 /* Location.swift in Sources */,
				C8E197AE2A9550B000FA3137 /* TypesViewState.swift in Sources */,
				C8E197CD2A96133300FA3137 /* TypeSlot.swift in Sources */,
				C8E197BF2A956B1800FA3137 /* PokeImageViewState.swift in Sources */,
				C81F00252AADC3CE0032F371 /* PokemonType.swift in Sources */,
				C8E197E82A98F93700FA3137 /* EvolveStage.swift in Sources */,
				C81F00292AADC5DF0032F371 /* Generation.swift in Sources */,
				C838BBA42A7694F80042FFCE /* Pokemon.swift in Sources */,
				C81F00462AAF25560032F371 /* Item.swift in Sources */,
				C8E197A52A9541F900FA3137 /* ObservableObjects.swift in Sources */,
				C81F000A2AACA5D10032F371 /* NavigationButtonView.swift in Sources */,
				C81F003A2AAF040F0032F371 /* EffectEntry.swift in Sources */,
				C838BBAC2A77AB800042FFCE /* CardTitleView.swift in Sources */,
				C8E197BD2A9569EA00FA3137 /* MainCardViewState.swift in Sources */,
				C8E197DB2A9783CF00FA3137 /* UrlChain.swift in Sources */,
				C81F002B2AADD00F0032F371 /* PokemonTypeObservableObject.swift in Sources */,
				C8E197E62A9793B100FA3137 /* EvolutionChainObservableObject.swift in Sources */,
				C838BBBA2A77F83B0042FFCE /* CardStatsView.swift in Sources */,
				C8E197B22A95521000FA3137 /* PokemonService.swift in Sources */,
				C8E197A12A953F1700FA3137 /* Services.swift in Sources */,
				C8E197AC2A954C8C00FA3137 /* PokeListSceneState.swift in Sources */,
				C81F00152AAD1D5F0032F371 /* MenuListViewState.swift in Sources */,
				C8E197C52A956D8D00FA3137 /* CardStatsViewState.swift in Sources */,
				C81F003E2AAF063C0032F371 /* EffectChange.swift in Sources */,
				C838BBB02A77AC050042FFCE /* CardInfoView.swift in Sources */,
				C8E197B92A95631800FA3137 /* PokeCardSceneState.swift in Sources */,
				C8E197D62A97812B00FA3137 /* EvolveService.swift in Sources */,
				C888E2AF2A9CAC99002D0E56 /* ShinyWidgetButtonView.swift in Sources */,
				C81F001B2AAD2A970032F371 /* TypeScene.swift in Sources */,
				C838BBA22A76946C0042FFCE /* PokeRowView.swift in Sources */,
				C8E197EA2A9911EB00FA3137 /* EvolutionButtonViewState.swift in Sources */,
				C8E197DD2A9784D900FA3137 /* SpeciesService.swift in Sources */,
				C8E1979F2A953D0400FA3137 /* RowData.swift in Sources */,
				C81F00382AAF00810032F371 /* Ability.swift in Sources */,
				C8E197D22A976FAD00FA3137 /* FavoritesScene.swift in Sources */,
				C81F00362AAEFE840032F371 /* AbilitySlot.swift in Sources */,
				C81F001F2AADA8400032F371 /* MenuRow.swift in Sources */,
				C8E197962A9535E200FA3137 /* PokeImageView.swift in Sources */,
				C81F00272AADC52D0032F371 /* PokemonSlot.swift in Sources */,
				C81F00212AADC2850032F371 /* TypeService.swift in Sources */,
				C838BB042A768C820042FFCE /* ContentView.swift in Sources */,
				C8E197E22A97873000FA3137 /* EvolvesTo.swift in Sources */,
				C81F00172AAD200A0032F371 /* MoveScene.swift in Sources */,
				C838BBD92A7A96630042FFCE /* EvolveScene.swift in Sources */,
				C838BBA62A76959D0042FFCE /* PossibleTypes.swift in Sources */,
				C8E197E02A9786EF00FA3137 /* EvolutionChain.swift in Sources */,
				C8E197BB2A95696700FA3137 /* CardTitleViewState.swift in Sources */,
				C81F00302AADF2300032F371 /* FilterScene.swift in Sources */,
				C81F00422AAF1F420032F371 /* Move.swift in Sources */,
				C81F00482AAF2A570032F371 /* File.swift in Sources */,
				C81F00232AADC2960032F371 /* GenerationService.swift in Sources */,
				C81F00402AAF1CD90032F371 /* TypeDamageRelations.swift in Sources */,
				C8E197C12A956C6300FA3137 /* CardInfoViewState.swift in Sources */,
				C81F00192AAD22100032F371 /* MenuRowView.swift in Sources */,
				C8E197E42A97939800FA3137 /* SpeciesObservableObject.swift in Sources */,
				C888E2A32A9B9809002D0E56 /* FavoritPokemon.intentdefinition in Sources */,
				C838BBB22A77B5A20042FFCE /* ShinyButtonView.swift in Sources */,
				C8E197EC2A9915D700FA3137 /* ObservablObjectError.swift in Sources */,
				C8E197B72A9562C200FA3137 /* EvolveSceneState.swift in Sources */,
				C8E197A32A9541E600FA3137 /* Environment.swift in Sources */,
				C8E1979A2A9537F300FA3137 /* MenuListService.swift in Sources */,
				C81F00342AAEFE630032F371 /* MoveSlot.swift in Sources */,
				C81F00322AADF3910032F371 /* FilterSceneState.swift in Sources */,
				C8E197B42A95570E00FA3137 /* PokemonObservableObject.swift in Sources */,
				C8E197AA2A95455F00FA3137 /* MenuListObservableObject.swift in Sources */,
				C838BBB42A77B8DC0042FFCE /* TypesView.swift in Sources */,
				C81F00052AAC9EEF0032F371 /* MenuListView.swift in Sources */,
				C8E197D92A9782C500FA3137 /* PokemonSpecies.swift in Sources */,
				C838BB022A768C820042FFCE /* PokepediaApp.swift in Sources */,
				C838BB9A2A76929D0042FFCE /* PokeListScene.swift in Sources */,
				C8E197C32A956CF000FA3137 /* ShinyButtonViewState.swift in Sources */,
				C838BB9C2A7692AD0042FFCE /* PokeCardScene.swift in Sources */,
				C8E197C72A960D7B00FA3137 /* Stat.swift in Sources */,
				C8E1979C2A9538F000FA3137 /* ListData.swift in Sources */,
				C8E197A82A95421400FA3137 /* Coordinator.swift in Sources */,
				C838BBB62A77BE1F0042FFCE /* EvolutionButtonView.swift in Sources */,
				C8E197B02A95512800FA3137 /* PokeRowViewState.swift in Sources */,
				C838BBAE2A77ABDC0042FFCE /* MainCardView.swift in Sources */,
				C81F002D2AADD0390032F371 /* GenerationObservableObject.swift in Sources */,
				C81F00132AAD1BA30032F371 /* StringExtension.swift in Sources */,
			);
			runOnlyForDeploymentPostprocessing = 0;
		};
		C838BB0A2A768C830042FFCE /* Sources */ = {
			isa = PBXSourcesBuildPhase;
			buildActionMask = 2147483647;
			files = (
				C838BB132A768C830042FFCE /* PokepediaTests.swift in Sources */,
			);
			runOnlyForDeploymentPostprocessing = 0;
		};
		C838BB142A768C830042FFCE /* Sources */ = {
			isa = PBXSourcesBuildPhase;
			buildActionMask = 2147483647;
			files = (
				C838BB1D2A768C830042FFCE /* PokepediaUITests.swift in Sources */,
				C838BB1F2A768C830042FFCE /* PokepediaUITestsLaunchTests.swift in Sources */,
			);
			runOnlyForDeploymentPostprocessing = 0;
		};
		C888E28D2A9B9807002D0E56 /* Sources */ = {
			isa = PBXSourcesBuildPhase;
			buildActionMask = 2147483647;
			files = (
				C888E2A22A9B9809002D0E56 /* FavoritPokemon.intentdefinition in Sources */,
				C888E29D2A9B9808002D0E56 /* FavoritPokemon.swift in Sources */,
				C888E29B2A9B9808002D0E56 /* FavoritPokemonLiveActivity.swift in Sources */,
				C888E2992A9B9808002D0E56 /* FavoritPokemonBundle.swift in Sources */,
			);
			runOnlyForDeploymentPostprocessing = 0;
		};
/* End PBXSourcesBuildPhase section */

/* Begin PBXTargetDependency section */
		C838BB102A768C830042FFCE /* PBXTargetDependency */ = {
			isa = PBXTargetDependency;
			target = C838BAFD2A768C820042FFCE /* Pokepedia */;
			targetProxy = C838BB0F2A768C830042FFCE /* PBXContainerItemProxy */;
		};
		C838BB1A2A768C830042FFCE /* PBXTargetDependency */ = {
			isa = PBXTargetDependency;
			target = C838BAFD2A768C820042FFCE /* Pokepedia */;
			targetProxy = C838BB192A768C830042FFCE /* PBXContainerItemProxy */;
		};
		C888E2A52A9B9809002D0E56 /* PBXTargetDependency */ = {
			isa = PBXTargetDependency;
			target = C888E2902A9B9807002D0E56 /* FavoritPokemonExtension */;
			targetProxy = C888E2A42A9B9809002D0E56 /* PBXContainerItemProxy */;
		};
/* End PBXTargetDependency section */

/* Begin XCBuildConfiguration section */
		C838BB202A768C830042FFCE /* Debug */ = {
			isa = XCBuildConfiguration;
			buildSettings = {
				ALWAYS_SEARCH_USER_PATHS = NO;
				CLANG_ANALYZER_NONNULL = YES;
				CLANG_ANALYZER_NUMBER_OBJECT_CONVERSION = YES_AGGRESSIVE;
				CLANG_CXX_LANGUAGE_STANDARD = "gnu++20";
				CLANG_ENABLE_MODULES = YES;
				CLANG_ENABLE_OBJC_ARC = YES;
				CLANG_ENABLE_OBJC_WEAK = YES;
				CLANG_WARN_BLOCK_CAPTURE_AUTORELEASING = YES;
				CLANG_WARN_BOOL_CONVERSION = YES;
				CLANG_WARN_COMMA = YES;
				CLANG_WARN_CONSTANT_CONVERSION = YES;
				CLANG_WARN_DEPRECATED_OBJC_IMPLEMENTATIONS = YES;
				CLANG_WARN_DIRECT_OBJC_ISA_USAGE = YES_ERROR;
				CLANG_WARN_DOCUMENTATION_COMMENTS = YES;
				CLANG_WARN_EMPTY_BODY = YES;
				CLANG_WARN_ENUM_CONVERSION = YES;
				CLANG_WARN_INFINITE_RECURSION = YES;
				CLANG_WARN_INT_CONVERSION = YES;
				CLANG_WARN_NON_LITERAL_NULL_CONVERSION = YES;
				CLANG_WARN_OBJC_IMPLICIT_RETAIN_SELF = YES;
				CLANG_WARN_OBJC_LITERAL_CONVERSION = YES;
				CLANG_WARN_OBJC_ROOT_CLASS = YES_ERROR;
				CLANG_WARN_QUOTED_INCLUDE_IN_FRAMEWORK_HEADER = YES;
				CLANG_WARN_RANGE_LOOP_ANALYSIS = YES;
				CLANG_WARN_STRICT_PROTOTYPES = YES;
				CLANG_WARN_SUSPICIOUS_MOVE = YES;
				CLANG_WARN_UNGUARDED_AVAILABILITY = YES_AGGRESSIVE;
				CLANG_WARN_UNREACHABLE_CODE = YES;
				CLANG_WARN__DUPLICATE_METHOD_MATCH = YES;
				COPY_PHASE_STRIP = NO;
				DEBUG_INFORMATION_FORMAT = dwarf;
				ENABLE_STRICT_OBJC_MSGSEND = YES;
				ENABLE_TESTABILITY = YES;
				GCC_C_LANGUAGE_STANDARD = gnu11;
				GCC_DYNAMIC_NO_PIC = NO;
				GCC_NO_COMMON_BLOCKS = YES;
				GCC_OPTIMIZATION_LEVEL = 0;
				GCC_PREPROCESSOR_DEFINITIONS = (
					"DEBUG=1",
					"$(inherited)",
				);
				GCC_WARN_64_TO_32_BIT_CONVERSION = YES;
				GCC_WARN_ABOUT_RETURN_TYPE = YES_ERROR;
				GCC_WARN_UNDECLARED_SELECTOR = YES;
				GCC_WARN_UNINITIALIZED_AUTOS = YES_AGGRESSIVE;
				GCC_WARN_UNUSED_FUNCTION = YES;
				GCC_WARN_UNUSED_VARIABLE = YES;
				IPHONEOS_DEPLOYMENT_TARGET = 16.4;
				MTL_ENABLE_DEBUG_INFO = INCLUDE_SOURCE;
				MTL_FAST_MATH = YES;
				ONLY_ACTIVE_ARCH = YES;
				SDKROOT = iphoneos;
				SWIFT_ACTIVE_COMPILATION_CONDITIONS = DEBUG;
				SWIFT_OPTIMIZATION_LEVEL = "-Onone";
			};
			name = Debug;
		};
		C838BB212A768C830042FFCE /* Release */ = {
			isa = XCBuildConfiguration;
			buildSettings = {
				ALWAYS_SEARCH_USER_PATHS = NO;
				CLANG_ANALYZER_NONNULL = YES;
				CLANG_ANALYZER_NUMBER_OBJECT_CONVERSION = YES_AGGRESSIVE;
				CLANG_CXX_LANGUAGE_STANDARD = "gnu++20";
				CLANG_ENABLE_MODULES = YES;
				CLANG_ENABLE_OBJC_ARC = YES;
				CLANG_ENABLE_OBJC_WEAK = YES;
				CLANG_WARN_BLOCK_CAPTURE_AUTORELEASING = YES;
				CLANG_WARN_BOOL_CONVERSION = YES;
				CLANG_WARN_COMMA = YES;
				CLANG_WARN_CONSTANT_CONVERSION = YES;
				CLANG_WARN_DEPRECATED_OBJC_IMPLEMENTATIONS = YES;
				CLANG_WARN_DIRECT_OBJC_ISA_USAGE = YES_ERROR;
				CLANG_WARN_DOCUMENTATION_COMMENTS = YES;
				CLANG_WARN_EMPTY_BODY = YES;
				CLANG_WARN_ENUM_CONVERSION = YES;
				CLANG_WARN_INFINITE_RECURSION = YES;
				CLANG_WARN_INT_CONVERSION = YES;
				CLANG_WARN_NON_LITERAL_NULL_CONVERSION = YES;
				CLANG_WARN_OBJC_IMPLICIT_RETAIN_SELF = YES;
				CLANG_WARN_OBJC_LITERAL_CONVERSION = YES;
				CLANG_WARN_OBJC_ROOT_CLASS = YES_ERROR;
				CLANG_WARN_QUOTED_INCLUDE_IN_FRAMEWORK_HEADER = YES;
				CLANG_WARN_RANGE_LOOP_ANALYSIS = YES;
				CLANG_WARN_STRICT_PROTOTYPES = YES;
				CLANG_WARN_SUSPICIOUS_MOVE = YES;
				CLANG_WARN_UNGUARDED_AVAILABILITY = YES_AGGRESSIVE;
				CLANG_WARN_UNREACHABLE_CODE = YES;
				CLANG_WARN__DUPLICATE_METHOD_MATCH = YES;
				COPY_PHASE_STRIP = NO;
				DEBUG_INFORMATION_FORMAT = "dwarf-with-dsym";
				ENABLE_NS_ASSERTIONS = NO;
				ENABLE_STRICT_OBJC_MSGSEND = YES;
				GCC_C_LANGUAGE_STANDARD = gnu11;
				GCC_NO_COMMON_BLOCKS = YES;
				GCC_WARN_64_TO_32_BIT_CONVERSION = YES;
				GCC_WARN_ABOUT_RETURN_TYPE = YES_ERROR;
				GCC_WARN_UNDECLARED_SELECTOR = YES;
				GCC_WARN_UNINITIALIZED_AUTOS = YES_AGGRESSIVE;
				GCC_WARN_UNUSED_FUNCTION = YES;
				GCC_WARN_UNUSED_VARIABLE = YES;
				IPHONEOS_DEPLOYMENT_TARGET = 16.4;
				MTL_ENABLE_DEBUG_INFO = NO;
				MTL_FAST_MATH = YES;
				SDKROOT = iphoneos;
				SWIFT_COMPILATION_MODE = wholemodule;
				SWIFT_OPTIMIZATION_LEVEL = "-O";
				VALIDATE_PRODUCT = YES;
			};
			name = Release;
		};
		C838BB232A768C830042FFCE /* Debug */ = {
			isa = XCBuildConfiguration;
			buildSettings = {
				ALWAYS_EMBED_SWIFT_STANDARD_LIBRARIES = YES;
				ASSETCATALOG_COMPILER_APPICON_NAME = AppIcon;
				ASSETCATALOG_COMPILER_GLOBAL_ACCENT_COLOR_NAME = AccentColor;
				CODE_SIGN_ENTITLEMENTS = Pokepedia/Pokepedia.entitlements;
				CODE_SIGN_STYLE = Automatic;
				CURRENT_PROJECT_VERSION = 1;
				DEVELOPMENT_ASSET_PATHS = "\"Pokepedia/Preview Content\"";
				DEVELOPMENT_TEAM = FTU2HFGK26;
				ENABLE_PREVIEWS = YES;
				GENERATE_INFOPLIST_FILE = YES;
				INFOPLIST_KEY_UIApplicationSceneManifest_Generation = YES;
				INFOPLIST_KEY_UIApplicationSupportsIndirectInputEvents = YES;
				INFOPLIST_KEY_UILaunchScreen_Generation = YES;
				INFOPLIST_KEY_UISupportedInterfaceOrientations = "UIInterfaceOrientationLandscapeLeft UIInterfaceOrientationLandscapeRight UIInterfaceOrientationPortrait";
				INFOPLIST_KEY_UISupportedInterfaceOrientations_iPad = "UIInterfaceOrientationPortrait UIInterfaceOrientationPortraitUpsideDown";
				LD_RUNPATH_SEARCH_PATHS = (
					"$(inherited)",
					"@executable_path/Frameworks",
				);
				MARKETING_VERSION = 1.0;
				PRODUCT_BUNDLE_IDENTIFIER = me.Pokepedia;
				PRODUCT_NAME = "$(TARGET_NAME)";
				SWIFT_EMIT_LOC_STRINGS = YES;
				SWIFT_VERSION = 5.0;
				TARGETED_DEVICE_FAMILY = "1,2";
			};
			name = Debug;
		};
		C838BB242A768C830042FFCE /* Release */ = {
			isa = XCBuildConfiguration;
			buildSettings = {
				ALWAYS_EMBED_SWIFT_STANDARD_LIBRARIES = YES;
				ASSETCATALOG_COMPILER_APPICON_NAME = AppIcon;
				ASSETCATALOG_COMPILER_GLOBAL_ACCENT_COLOR_NAME = AccentColor;
				CODE_SIGN_ENTITLEMENTS = Pokepedia/Pokepedia.entitlements;
				CODE_SIGN_STYLE = Automatic;
				CURRENT_PROJECT_VERSION = 1;
				DEVELOPMENT_ASSET_PATHS = "\"Pokepedia/Preview Content\"";
				DEVELOPMENT_TEAM = FTU2HFGK26;
				ENABLE_PREVIEWS = YES;
				GENERATE_INFOPLIST_FILE = YES;
				INFOPLIST_KEY_UIApplicationSceneManifest_Generation = YES;
				INFOPLIST_KEY_UIApplicationSupportsIndirectInputEvents = YES;
				INFOPLIST_KEY_UILaunchScreen_Generation = YES;
				INFOPLIST_KEY_UISupportedInterfaceOrientations = "UIInterfaceOrientationLandscapeLeft UIInterfaceOrientationLandscapeRight UIInterfaceOrientationPortrait";
				INFOPLIST_KEY_UISupportedInterfaceOrientations_iPad = "UIInterfaceOrientationPortrait UIInterfaceOrientationPortraitUpsideDown";
				LD_RUNPATH_SEARCH_PATHS = (
					"$(inherited)",
					"@executable_path/Frameworks",
				);
				MARKETING_VERSION = 1.0;
				PRODUCT_BUNDLE_IDENTIFIER = me.Pokepedia;
				PRODUCT_NAME = "$(TARGET_NAME)";
				SWIFT_EMIT_LOC_STRINGS = YES;
				SWIFT_VERSION = 5.0;
				TARGETED_DEVICE_FAMILY = "1,2";
			};
			name = Release;
		};
		C838BB262A768C830042FFCE /* Debug */ = {
			isa = XCBuildConfiguration;
			buildSettings = {
				ALWAYS_EMBED_SWIFT_STANDARD_LIBRARIES = YES;
				BUNDLE_LOADER = "$(TEST_HOST)";
				CODE_SIGN_STYLE = Automatic;
				CURRENT_PROJECT_VERSION = 1;
				DEVELOPMENT_TEAM = FTU2HFGK26;
				GENERATE_INFOPLIST_FILE = YES;
				IPHONEOS_DEPLOYMENT_TARGET = 16.4;
				MARKETING_VERSION = 1.0;
				PRODUCT_BUNDLE_IDENTIFIER = me.PokepediaTests;
				PRODUCT_NAME = "$(TARGET_NAME)";
				SWIFT_EMIT_LOC_STRINGS = NO;
				SWIFT_VERSION = 5.0;
				TARGETED_DEVICE_FAMILY = "1,2";
				TEST_HOST = "$(BUILT_PRODUCTS_DIR)/Pokepedia.app/$(BUNDLE_EXECUTABLE_FOLDER_PATH)/Pokepedia";
			};
			name = Debug;
		};
		C838BB272A768C830042FFCE /* Release */ = {
			isa = XCBuildConfiguration;
			buildSettings = {
				ALWAYS_EMBED_SWIFT_STANDARD_LIBRARIES = YES;
				BUNDLE_LOADER = "$(TEST_HOST)";
				CODE_SIGN_STYLE = Automatic;
				CURRENT_PROJECT_VERSION = 1;
				DEVELOPMENT_TEAM = FTU2HFGK26;
				GENERATE_INFOPLIST_FILE = YES;
				IPHONEOS_DEPLOYMENT_TARGET = 16.4;
				MARKETING_VERSION = 1.0;
				PRODUCT_BUNDLE_IDENTIFIER = me.PokepediaTests;
				PRODUCT_NAME = "$(TARGET_NAME)";
				SWIFT_EMIT_LOC_STRINGS = NO;
				SWIFT_VERSION = 5.0;
				TARGETED_DEVICE_FAMILY = "1,2";
				TEST_HOST = "$(BUILT_PRODUCTS_DIR)/Pokepedia.app/$(BUNDLE_EXECUTABLE_FOLDER_PATH)/Pokepedia";
			};
			name = Release;
		};
		C838BB292A768C830042FFCE /* Debug */ = {
			isa = XCBuildConfiguration;
			buildSettings = {
				ALWAYS_EMBED_SWIFT_STANDARD_LIBRARIES = YES;
				CODE_SIGN_STYLE = Automatic;
				CURRENT_PROJECT_VERSION = 1;
				DEVELOPMENT_TEAM = FTU2HFGK26;
				GENERATE_INFOPLIST_FILE = YES;
				MARKETING_VERSION = 1.0;
				PRODUCT_BUNDLE_IDENTIFIER = me.PokepediaUITests;
				PRODUCT_NAME = "$(TARGET_NAME)";
				SWIFT_EMIT_LOC_STRINGS = NO;
				SWIFT_VERSION = 5.0;
				TARGETED_DEVICE_FAMILY = "1,2";
				TEST_TARGET_NAME = Pokepedia;
			};
			name = Debug;
		};
		C838BB2A2A768C830042FFCE /* Release */ = {
			isa = XCBuildConfiguration;
			buildSettings = {
				ALWAYS_EMBED_SWIFT_STANDARD_LIBRARIES = YES;
				CODE_SIGN_STYLE = Automatic;
				CURRENT_PROJECT_VERSION = 1;
				DEVELOPMENT_TEAM = FTU2HFGK26;
				GENERATE_INFOPLIST_FILE = YES;
				MARKETING_VERSION = 1.0;
				PRODUCT_BUNDLE_IDENTIFIER = me.PokepediaUITests;
				PRODUCT_NAME = "$(TARGET_NAME)";
				SWIFT_EMIT_LOC_STRINGS = NO;
				SWIFT_VERSION = 5.0;
				TARGETED_DEVICE_FAMILY = "1,2";
				TEST_TARGET_NAME = Pokepedia;
			};
			name = Release;
		};
		C888E2A82A9B9809002D0E56 /* Debug */ = {
			isa = XCBuildConfiguration;
			buildSettings = {
				ASSETCATALOG_COMPILER_GLOBAL_ACCENT_COLOR_NAME = AccentColor;
				ASSETCATALOG_COMPILER_WIDGET_BACKGROUND_COLOR_NAME = WidgetBackground;
				CODE_SIGN_ENTITLEMENTS = FavoritPokemonExtension.entitlements;
				CODE_SIGN_STYLE = Automatic;
				CURRENT_PROJECT_VERSION = 1;
				DEVELOPMENT_TEAM = FTU2HFGK26;
				GENERATE_INFOPLIST_FILE = YES;
				INFOPLIST_FILE = FavoritPokemon/Info.plist;
				INFOPLIST_KEY_CFBundleDisplayName = FavoritPokemon;
				INFOPLIST_KEY_NSHumanReadableCopyright = "";
				LD_RUNPATH_SEARCH_PATHS = (
					"$(inherited)",
					"@executable_path/Frameworks",
					"@executable_path/../../Frameworks",
				);
				MARKETING_VERSION = 1.0;
				PRODUCT_BUNDLE_IDENTIFIER = me.Pokepedia.FavoritPokemon;
				PRODUCT_NAME = "$(TARGET_NAME)";
				SKIP_INSTALL = YES;
				SWIFT_EMIT_LOC_STRINGS = YES;
				SWIFT_VERSION = 5.0;
				TARGETED_DEVICE_FAMILY = "1,2";
			};
			name = Debug;
		};
		C888E2A92A9B9809002D0E56 /* Release */ = {
			isa = XCBuildConfiguration;
			buildSettings = {
				ASSETCATALOG_COMPILER_GLOBAL_ACCENT_COLOR_NAME = AccentColor;
				ASSETCATALOG_COMPILER_WIDGET_BACKGROUND_COLOR_NAME = WidgetBackground;
				CODE_SIGN_ENTITLEMENTS = FavoritPokemonExtension.entitlements;
				CODE_SIGN_STYLE = Automatic;
				CURRENT_PROJECT_VERSION = 1;
				DEVELOPMENT_TEAM = FTU2HFGK26;
				GENERATE_INFOPLIST_FILE = YES;
				INFOPLIST_FILE = FavoritPokemon/Info.plist;
				INFOPLIST_KEY_CFBundleDisplayName = FavoritPokemon;
				INFOPLIST_KEY_NSHumanReadableCopyright = "";
				LD_RUNPATH_SEARCH_PATHS = (
					"$(inherited)",
					"@executable_path/Frameworks",
					"@executable_path/../../Frameworks",
				);
				MARKETING_VERSION = 1.0;
				PRODUCT_BUNDLE_IDENTIFIER = me.Pokepedia.FavoritPokemon;
				PRODUCT_NAME = "$(TARGET_NAME)";
				SKIP_INSTALL = YES;
				SWIFT_EMIT_LOC_STRINGS = YES;
				SWIFT_VERSION = 5.0;
				TARGETED_DEVICE_FAMILY = "1,2";
			};
			name = Release;
		};
/* End XCBuildConfiguration section */

/* Begin XCConfigurationList section */
		C838BAF92A768C820042FFCE /* Build configuration list for PBXProject "Pokepedia" */ = {
			isa = XCConfigurationList;
			buildConfigurations = (
				C838BB202A768C830042FFCE /* Debug */,
				C838BB212A768C830042FFCE /* Release */,
			);
			defaultConfigurationIsVisible = 0;
			defaultConfigurationName = Release;
		};
		C838BB222A768C830042FFCE /* Build configuration list for PBXNativeTarget "Pokepedia" */ = {
			isa = XCConfigurationList;
			buildConfigurations = (
				C838BB232A768C830042FFCE /* Debug */,
				C838BB242A768C830042FFCE /* Release */,
			);
			defaultConfigurationIsVisible = 0;
			defaultConfigurationName = Release;
		};
		C838BB252A768C830042FFCE /* Build configuration list for PBXNativeTarget "PokepediaTests" */ = {
			isa = XCConfigurationList;
			buildConfigurations = (
				C838BB262A768C830042FFCE /* Debug */,
				C838BB272A768C830042FFCE /* Release */,
			);
			defaultConfigurationIsVisible = 0;
			defaultConfigurationName = Release;
		};
		C838BB282A768C830042FFCE /* Build configuration list for PBXNativeTarget "PokepediaUITests" */ = {
			isa = XCConfigurationList;
			buildConfigurations = (
				C838BB292A768C830042FFCE /* Debug */,
				C838BB2A2A768C830042FFCE /* Release */,
			);
			defaultConfigurationIsVisible = 0;
			defaultConfigurationName = Release;
		};
		C888E2AA2A9B9809002D0E56 /* Build configuration list for PBXNativeTarget "FavoritPokemonExtension" */ = {
			isa = XCConfigurationList;
			buildConfigurations = (
				C888E2A82A9B9809002D0E56 /* Debug */,
				C888E2A92A9B9809002D0E56 /* Release */,
			);
			defaultConfigurationIsVisible = 0;
			defaultConfigurationName = Release;
		};
/* End XCConfigurationList section */

/* Begin XCRemoteSwiftPackageReference section */
		C8E197ED2A9937A000FA3137 /* XCRemoteSwiftPackageReference "SimpleToast" */ = {
			isa = XCRemoteSwiftPackageReference;
			repositoryURL = "https://github.com/sanzaru/SimpleToast";
			requirement = {
				kind = upToNextMajorVersion;
				minimumVersion = 0.7.2;
			};
		};
/* End XCRemoteSwiftPackageReference section */

/* Begin XCSwiftPackageProductDependency section */
		C8E197EE2A9937A000FA3137 /* SimpleToast */ = {
			isa = XCSwiftPackageProductDependency;
			package = C8E197ED2A9937A000FA3137 /* XCRemoteSwiftPackageReference "SimpleToast" */;
			productName = SimpleToast;
		};
/* End XCSwiftPackageProductDependency section */
	};
	rootObject = C838BAF62A768C820042FFCE /* Project object */;
}
